
Microsoft Visual Studio Solution File, Format Version 12.00
# Visual Studio Version 17
VisualStudioVersion = 17.4.33213.308
MinimumVisualStudioVersion = 10.0.40219.1
Project("{9A19103F-16F7-4668-BE54-9A1E7A4F7556}") = "ProjectWilson.Server", "ProjectWilson\Server\ProjectWilson.Server.csproj", "{E91D6B94-3541-4927-87F0-7B5DAE17DBB8}"
EndProject
Project("{9A19103F-16F7-4668-BE54-9A1E7A4F7556}") = "ProjectWilson.Client", "ProjectWilson\Client\ProjectWilson.Client.csproj", "{6AE2AC00-BE9B-40CE-B676-DE163B21CB46}"
EndProject
Project("{9A19103F-16F7-4668-BE54-9A1E7A4F7556}") = "ProjectWilson.Shared", "ProjectWilson\Shared\ProjectWilson.Shared.csproj", "{3EF7D44A-3ABD-460E-856A-0C0F8B327798}"
EndProject
Global
	GlobalSection(SolutionConfigurationPlatforms) = preSolution
		Debug|Any CPU = Debug|Any CPU
		Release|Any CPU = Release|Any CPU
	EndGlobalSection
	GlobalSection(ProjectConfigurationPlatforms) = postSolution
		{E91D6B94-3541-4927-87F0-7B5DAE17DBB8}.Debug|Any CPU.ActiveCfg = Debug|Any CPU
		{E91D6B94-3541-4927-87F0-7B5DAE17DBB8}.Debug|Any CPU.Build.0 = Debug|Any CPU
		{E91D6B94-3541-4927-87F0-7B5DAE17DBB8}.Release|Any CPU.ActiveCfg = Release|Any CPU
		{E91D6B94-3541-4927-87F0-7B5DAE17DBB8}.Release|Any CPU.Build.0 = Release|Any CPU
		{6AE2AC00-BE9B-40CE-B676-DE163B21CB46}.Debug|Any CPU.ActiveCfg = Debug|Any CPU
		{6AE2AC00-BE9B-40CE-B676-DE163B21CB46}.Debug|Any CPU.Build.0 = Debug|Any CPU
		{6AE2AC00-BE9B-40CE-B676-DE163B21CB46}.Release|Any CPU.ActiveCfg = Release|Any CPU
		{6AE2AC00-BE9B-40CE-B676-DE163B21CB46}.Release|Any CPU.Build.0 = Release|Any CPU
		{3EF7D44A-3ABD-460E-856A-0C0F8B327798}.Debug|Any CPU.ActiveCfg = Debug|Any CPU
		{3EF7D44A-3ABD-460E-856A-0C0F8B327798}.Debug|Any CPU.Build.0 = Debug|Any CPU
		{3EF7D44A-3ABD-460E-856A-0C0F8B327798}.Release|Any CPU.ActiveCfg = Release|Any CPU
		{3EF7D44A-3ABD-460E-856A-0C0F8B327798}.Release|Any CPU.Build.0 = Release|Any CPU
	EndGlobalSection
	GlobalSection(SolutionProperties) = preSolution
		HideSolutionNode = FALSE
	EndGlobalSection
	GlobalSection(ExtensibilityGlobals) = postSolution
		SolutionGuid = {6ACDA4A8-A521-45F6-B665-8F8D491540FA}
	EndGlobalSection
EndGlobal
